{
  "name": "clinica-do-esporte",
  "version": "0.1.0",
  "lockfileVersion": 3,
  "requires": true,
  "packages": {
    "": {
      "name": "clinica-do-esporte",
      "version": "0.1.0",
      "dependencies": {
        "@neondatabase/serverless": "^1.0.0",
        "node-firebird": "^2.14.3"
      }
    },
    "node_modules/@neondatabase/serverless": {
      "version": "1.1.0",
      "resolved": "https://registry.npmjs.org/@neondatabase/serverless/-/serverless-1.1.0.tgz",
      "integrity": "sha512-r3ZZhRjEcfEdKIZnoB1RusNgvHuaBRqfCzV4Gi+5A9yUX0S4HTws/ASWqt13wL4y4I+0rqsWGdA2w7EQXHi3+Q==",
      "license": "MIT",
      "engines": {
        "node": ">=19.0.0"
      }
    },
    "node_modules/node-firebird": {
      "version": "2.14.3",
      "resolved": "https://registry.npmjs.org/node-firebird/-/node-firebird-2.14.3.tgz",
      "integrity": "sha512-HssHZNb/klA0u4vEatuIR901y8C/zUZ828IdSbufeJ11JrrOu/kwAJawomXr+S1kmH2IGNqvmbLaMSJPkx3YqA==",
      "license": "MPL-2.0"
    }
  }
}
